
Microsoft Visual Studio Solution File, Format Version 12.00
# Visual Studio Version 16
VisualStudioVersion = 16.0.29926.136
MinimumVisualStudioVersion = 10.0.40219.1
Project("{FAE04EC0-301F-11D3-BF4B-00C04F79EFBC}") = "WebParse", "WebParse.csproj", "{001FD417-6EDE-41B2-B2B9-F7F65ABC1AF4}"
EndProject
Project("{FAE04EC0-301F-11D3-BF4B-00C04F79EFBC}") = "UnitTestGoldParse", "..\UnitTestGoldParse\UnitTestGoldParse.csproj", "{C11CA2FE-C741-4081-90F3-16690C5692D9}"
EndProject
Global
	GlobalSection(SolutionConfigurationPlatforms) = preSolution
		Debug|Any CPU = Debug|Any CPU
		Release|Any CPU = Release|Any CPU
	EndGlobalSection
	GlobalSection(ProjectConfigurationPlatforms) = postSolution
		{001FD417-6EDE-41B2-B2B9-F7F65ABC1AF4}.Debug|Any CPU.ActiveCfg = Debug|Any CPU
		{001FD417-6EDE-41B2-B2B9-F7F65ABC1AF4}.Debug|Any CPU.Build.0 = Debug|Any CPU
		{001FD417-6EDE-41B2-B2B9-F7F65ABC1AF4}.Release|Any CPU.ActiveCfg = Release|Any CPU
		{001FD417-6EDE-41B2-B2B9-F7F65ABC1AF4}.Release|Any CPU.Build.0 = Release|Any CPU
		{C11CA2FE-C741-4081-90F3-16690C5692D9}.Debug|Any CPU.ActiveCfg = Debug|Any CPU
		{C11CA2FE-C741-4081-90F3-16690C5692D9}.Debug|Any CPU.Build.0 = Debug|Any CPU
		{C11CA2FE-C741-4081-90F3-16690C5692D9}.Release|Any CPU.ActiveCfg = Release|Any CPU
		{C11CA2FE-C741-4081-90F3-16690C5692D9}.Release|Any CPU.Build.0 = Release|Any CPU
	EndGlobalSection
	GlobalSection(SolutionProperties) = preSolution
		HideSolutionNode = FALSE
	EndGlobalSection
	GlobalSection(ExtensibilityGlobals) = postSolution
		SolutionGuid = {6FB8B626-A59A-4049-8DFE-B22BA5FF4C0C}
	EndGlobalSection
EndGlobal
